
Microsoft Visual Studio Solution File, Format Version 11.00
# Visual Studio 2010
Project("{FAE04EC0-301F-11D3-BF4B-00C04F79EFBC}") = "OdeToFood", "OdeToFood\OdeToFood.csproj", "{1CB37555-11B4-405A-B135-06B99AB35F28}"
EndProject
Project("{FAE04EC0-301F-11D3-BF4B-00C04F79EFBC}") = "OdeToFood.Tests", "OdeToFood.Tests\OdeToFood.Tests.csproj", "{349B92BB-E3B4-4447-BB29-7026A9D4E2C5}"
EndProject
Global
	GlobalSection(SolutionConfigurationPlatforms) = preSolution
		Debug|Any CPU = Debug|Any CPU
		Release|Any CPU = Release|Any CPU
	EndGlobalSection
	GlobalSection(ProjectConfigurationPlatforms) = postSolution
		{1CB37555-11B4-405A-B135-06B99AB35F28}.Debug|Any CPU.ActiveCfg = Debug|Any CPU
		{1CB37555-11B4-405A-B135-06B99AB35F28}.Debug|Any CPU.Build.0 = Debug|Any CPU
		{1CB37555-11B4-405A-B135-06B99AB35F28}.Release|Any CPU.ActiveCfg = Release|Any CPU
		{1CB37555-11B4-405A-B135-06B99AB35F28}.Release|Any CPU.Build.0 = Release|Any CPU
		{349B92BB-E3B4-4447-BB29-7026A9D4E2C5}.Debug|Any CPU.ActiveCfg = Debug|Any CPU
		{349B92BB-E3B4-4447-BB29-7026A9D4E2C5}.Debug|Any CPU.Build.0 = Debug|Any CPU
		{349B92BB-E3B4-4447-BB29-7026A9D4E2C5}.Release|Any CPU.ActiveCfg = Release|Any CPU
		{349B92BB-E3B4-4447-BB29-7026A9D4E2C5}.Release|Any CPU.Build.0 = Release|Any CPU
	EndGlobalSection
	GlobalSection(SolutionProperties) = preSolution
		HideSolutionNode = FALSE
	EndGlobalSection
EndGlobal
